// !$*UTF8*$!
{
	archiveVersion = 1;
	classes = {
	};
	objectVersion = 48;
	objects = {

/* Begin PBXBuildFile section */
		4EF7256220BE5A0B00A88F99 /* AppDelegate.swift in Sources */ = {isa = PBXBuildFile; fileRef = 4EF7256120BE5A0B00A88F99 /* AppDelegate.swift */; };
		4EF7256720BE5A0B00A88F99 /* Main.storyboard in Resources */ = {isa = PBXBuildFile; fileRef = 4EF7256520BE5A0B00A88F99 /* Main.storyboard */; };
		4EF7256A20BE5A0B00A88F99 /* FoodFinder.xcdatamodeld in Sources */ = {isa = PBXBuildFile; fileRef = 4EF7256820BE5A0B00A88F99 /* FoodFinder.xcdatamodeld */; };
		4EF7256C20BE5A0B00A88F99 /* Assets.xcassets in Resources */ = {isa = PBXBuildFile; fileRef = 4EF7256B20BE5A0B00A88F99 /* Assets.xcassets */; };
		4EF7256F20BE5A0B00A88F99 /* LaunchScreen.storyboard in Resources */ = {isa = PBXBuildFile; fileRef = 4EF7256D20BE5A0B00A88F99 /* LaunchScreen.storyboard */; };
		4EF7257A20BE5A0B00A88F99 /* FoodFinderTests.swift in Sources */ = {isa = PBXBuildFile; fileRef = 4EF7257920BE5A0B00A88F99 /* FoodFinderTests.swift */; };
		4EF7258520BE5A0B00A88F99 /* FoodFinderUITests.swift in Sources */ = {isa = PBXBuildFile; fileRef = 4EF7258420BE5A0B00A88F99 /* FoodFinderUITests.swift */; };
		F557DADF20BF841000B7E006 /* FoodFinderTableViewController.swift in Sources */ = {isa = PBXBuildFile; fileRef = F557DADE20BF841000B7E006 /* FoodFinderTableViewController.swift */; };
		F557DAE120BF851800B7E006 /* FoodFinderTableViewCell.swift in Sources */ = {isa = PBXBuildFile; fileRef = F557DAE020BF851800B7E006 /* FoodFinderTableViewCell.swift */; };
		F557DAE320BF88B200B7E006 /* DetailViewController.swift in Sources */ = {isa = PBXBuildFile; fileRef = F557DAE220BF88B200B7E006 /* DetailViewController.swift */; };
/* End PBXBuildFile section */

/* Begin PBXContainerItemProxy section */
		4EF7257620BE5A0B00A88F99 /* PBXContainerItemProxy */ = {
			isa = PBXContainerItemProxy;
			containerPortal = 4EF7255620BE5A0B00A88F99 /* Project object */;
			proxyType = 1;
			remoteGlobalIDString = 4EF7255D20BE5A0B00A88F99;
			remoteInfo = FoodFinder;
		};
		4EF7258120BE5A0B00A88F99 /* PBXContainerItemProxy */ = {
			isa = PBXContainerItemProxy;
			containerPortal = 4EF7255620BE5A0B00A88F99 /* Project object */;
			proxyType = 1;
			remoteGlobalIDString = 4EF7255D20BE5A0B00A88F99;
			remoteInfo = FoodFinder;
		};
/* End PBXContainerItemProxy section */

/* Begin PBXFileReference section */
		4EF7255E20BE5A0B00A88F99 /* FoodFinder.app */ = {isa = PBXFileReference; explicitFileType = wrapper.application; includeInIndex = 0; path = FoodFinder.app; sourceTree = BUILT_PRODUCTS_DIR; };
		4EF7256120BE5A0B00A88F99 /* AppDelegate.swift */ = {isa = PBXFileReference; lastKnownFileType = sourcecode.swift; path = AppDelegate.swift; sourceTree = "<group>"; };
		4EF7256620BE5A0B00A88F99 /* Base */ = {isa = PBXFileReference; lastKnownFileType = file.storyboard; name = Base; path = Base.lproj/Main.storyboard; sourceTree = "<group>"; };
		4EF7256920BE5A0B00A88F99 /* FoodFinder.xcdatamodel */ = {isa = PBXFileReference; lastKnownFileType = wrapper.xcdatamodel; path = FoodFinder.xcdatamodel; sourceTree = "<group>"; };
		4EF7256B20BE5A0B00A88F99 /* Assets.xcassets */ = {isa = PBXFileReference; lastKnownFileType = folder.assetcatalog; path = Assets.xcassets; sourceTree = "<group>"; };
		4EF7256E20BE5A0B00A88F99 /* Base */ = {isa = PBXFileReference; lastKnownFileType = file.storyboard; name = Base; path = Base.lproj/LaunchScreen.storyboard; sourceTree = "<group>"; };
		4EF7257020BE5A0B00A88F99 /* Info.plist */ = {isa = PBXFileReference; lastKnownFileType = text.plist.xml; path = Info.plist; sourceTree = "<group>"; };
		4EF7257520BE5A0B00A88F99 /* FoodFinderTests.xctest */ = {isa = PBXFileReference; explicitFileType = wrapper.cfbundle; includeInIndex = 0; path = FoodFinderTests.xctest; sourceTree = BUILT_PRODUCTS_DIR; };
		4EF7257920BE5A0B00A88F99 /* FoodFinderTests.swift */ = {isa = PBXFileReference; lastKnownFileType = sourcecode.swift; path = FoodFinderTests.swift; sourceTree = "<group>"; };
		4EF7257B20BE5A0B00A88F99 /* Info.plist */ = {isa = PBXFileReference; lastKnownFileType = text.plist.xml; path = Info.plist; sourceTree = "<group>"; };
		4EF7258020BE5A0B00A88F99 /* FoodFinderUITests.xctest */ = {isa = PBXFileReference; explicitFileType = wrapper.cfbundle; includeInIndex = 0; path = FoodFinderUITests.xctest; sourceTree = BUILT_PRODUCTS_DIR; };
		4EF7258420BE5A0B00A88F99 /* FoodFinderUITests.swift */ = {isa = PBXFileReference; lastKnownFileType = sourcecode.swift; path = FoodFinderUITests.swift; sourceTree = "<group>"; };
		4EF7258620BE5A0B00A88F99 /* Info.plist */ = {isa = PBXFileReference; lastKnownFileType = text.plist.xml; path = Info.plist; sourceTree = "<group>"; };
		F557DADE20BF841000B7E006 /* FoodFinderTableViewController.swift */ = {isa = PBXFileReference; lastKnownFileType = sourcecode.swift; path = FoodFinderTableViewController.swift; sourceTree = "<group>"; };
		F557DAE020BF851800B7E006 /* FoodFinderTableViewCell.swift */ = {isa = PBXFileReference; lastKnownFileType = sourcecode.swift; path = FoodFinderTableViewCell.swift; sourceTree = "<group>"; };
		F557DAE220BF88B200B7E006 /* DetailViewController.swift */ = {isa = PBXFileReference; lastKnownFileType = sourcecode.swift; path = DetailViewController.swift; sourceTree = "<group>"; };
/* End PBXFileReference section */

/* Begin PBXFrameworksBuildPhase section */
		4EF7255B20BE5A0B00A88F99 /* Frameworks */ = {
			isa = PBXFrameworksBuildPhase;
			buildActionMask = 2147483647;
			files = (
			);
			runOnlyForDeploymentPostprocessing = 0;
		};
		4EF7257220BE5A0B00A88F99 /* Frameworks */ = {
			isa = PBXFrameworksBuildPhase;
			buildActionMask = 2147483647;
			files = (
			);
			runOnlyForDeploymentPostprocessing = 0;
		};
		4EF7257D20BE5A0B00A88F99 /* Frameworks */ = {
			isa = PBXFrameworksBuildPhase;
			buildActionMask = 2147483647;
			files = (
			);
			runOnlyForDeploymentPostprocessing = 0;
		};
/* End PBXFrameworksBuildPhase section */

/* Begin PBXGroup section */
		4EF7255520BE5A0B00A88F99 = {
			isa = PBXGroup;
			children = (
				4EF7256020BE5A0B00A88F99 /* FoodFinder */,
				4EF7257820BE5A0B00A88F99 /* FoodFinderTests */,
				4EF7258320BE5A0B00A88F99 /* FoodFinderUITests */,
				4EF7255F20BE5A0B00A88F99 /* Products */,
			);
			sourceTree = "<group>";
		};
		4EF7255F20BE5A0B00A88F99 /* Products */ = {
			isa = PBXGroup;
			children = (
				4EF7255E20BE5A0B00A88F99 /* FoodFinder.app */,
				4EF7257520BE5A0B00A88F99 /* FoodFinderTests.xctest */,
				4EF7258020BE5A0B00A88F99 /* FoodFinderUITests.xctest */,
			);
			name = Products;
			sourceTree = "<group>";
		};
		4EF7256020BE5A0B00A88F99 /* FoodFinder */ = {
			isa = PBXGroup;
			children = (
				4EF7256120BE5A0B00A88F99 /* AppDelegate.swift */,
				4EF7256520BE5A0B00A88F99 /* Main.storyboard */,
				4EF7256B20BE5A0B00A88F99 /* Assets.xcassets */,
				4EF7256D20BE5A0B00A88F99 /* LaunchScreen.storyboard */,
				4EF7257020BE5A0B00A88F99 /* Info.plist */,
				4EF7256820BE5A0B00A88F99 /* FoodFinder.xcdatamodeld */,
				F557DADE20BF841000B7E006 /* FoodFinderTableViewController.swift */,
				F557DAE020BF851800B7E006 /* FoodFinderTableViewCell.swift */,
				F557DAE220BF88B200B7E006 /* DetailViewController.swift */,
			);
			path = FoodFinder;
			sourceTree = "<group>";
		};
		4EF7257820BE5A0B00A88F99 /* FoodFinderTests */ = {
			isa = PBXGroup;
			children = (
				4EF7257920BE5A0B00A88F99 /* FoodFinderTests.swift */,
				4EF7257B20BE5A0B00A88F99 /* Info.plist */,
			);
			path = FoodFinderTests;
			sourceTree = "<group>";
		};
		4EF7258320BE5A0B00A88F99 /* FoodFinderUITests */ = {
			isa = PBXGroup;
			children = (
				4EF7258420BE5A0B00A88F99 /* FoodFinderUITests.swift */,
				4EF7258620BE5A0B00A88F99 /* Info.plist */,
			);
			path = FoodFinderUITests;
			sourceTree = "<group>";
		};
/* End PBXGroup section */

/* Begin PBXNativeTarget section */
		4EF7255D20BE5A0B00A88F99 /* FoodFinder */ = {
			isa = PBXNativeTarget;
			buildConfigurationList = 4EF7258920BE5A0B00A88F99 /* Build configuration list for PBXNativeTarget "FoodFinder" */;
			buildPhases = (
				4EF7255A20BE5A0B00A88F99 /* Sources */,
				4EF7255B20BE5A0B00A88F99 /* Frameworks */,
				4EF7255C20BE5A0B00A88F99 /* Resources */,
			);
			buildRules = (
			);
			dependencies = (
			);
			name = FoodFinder;
			productName = FoodFinder;
			productReference = 4EF7255E20BE5A0B00A88F99 /* FoodFinder.app */;
			productType = "com.apple.product-type.application";
		};
		4EF7257420BE5A0B00A88F99 /* FoodFinderTests */ = {
			isa = PBXNativeTarget;
			buildConfigurationList = 4EF7258C20BE5A0B00A88F99 /* Build configuration list for PBXNativeTarget "FoodFinderTests" */;
			buildPhases = (
				4EF7257120BE5A0B00A88F99 /* Sources */,
				4EF7257220BE5A0B00A88F99 /* Frameworks */,
				4EF7257320BE5A0B00A88F99 /* Resources */,
			);
			buildRules = (
			);
			dependencies = (
				4EF7257720BE5A0B00A88F99 /* PBXTargetDependency */,
			);
			name = FoodFinderTests;
			productName = FoodFinderTests;
			productReference = 4EF7257520BE5A0B00A88F99 /* FoodFinderTests.xctest */;
			productType = "com.apple.product-type.bundle.unit-test";
		};
		4EF7257F20BE5A0B00A88F99 /* FoodFinderUITests */ = {
			isa = PBXNativeTarget;
			buildConfigurationList = 4EF7258F20BE5A0B00A88F99 /* Build configuration list for PBXNativeTarget "FoodFinderUITests" */;
			buildPhases = (
				4EF7257C20BE5A0B00A88F99 /* Sources */,
				4EF7257D20BE5A0B00A88F99 /* Frameworks */,
				4EF7257E20BE5A0B00A88F99 /* Resources */,
			);
			buildRules = (
			);
			dependencies = (
				4EF7258220BE5A0B00A88F99 /* PBXTargetDependency */,
			);
			name = FoodFinderUITests;
			productName = FoodFinderUITests;
			productReference = 4EF7258020BE5A0B00A88F99 /* FoodFinderUITests.xctest */;
			productType = "com.apple.product-type.bundle.ui-testing";
		};
/* End PBXNativeTarget section */

/* Begin PBXProject section */
		4EF7255620BE5A0B00A88F99 /* Project object */ = {
			isa = PBXProject;
			attributes = {
				LastSwiftUpdateCheck = 0920;
				LastUpgradeCheck = 0920;
				ORGANIZATIONNAME = dit;
				TargetAttributes = {
					4EF7255D20BE5A0B00A88F99 = {
						CreatedOnToolsVersion = 9.2;
						ProvisioningStyle = Automatic;
					};
					4EF7257420BE5A0B00A88F99 = {
						CreatedOnToolsVersion = 9.2;
						ProvisioningStyle = Automatic;
						TestTargetID = 4EF7255D20BE5A0B00A88F99;
					};
					4EF7257F20BE5A0B00A88F99 = {
						CreatedOnToolsVersion = 9.2;
						ProvisioningStyle = Automatic;
						TestTargetID = 4EF7255D20BE5A0B00A88F99;
					};
				};
			};
			buildConfigurationList = 4EF7255920BE5A0B00A88F99 /* Build configuration list for PBXProject "FoodFinder" */;
			compatibilityVersion = "Xcode 8.0";
			developmentRegion = en;
			hasScannedForEncodings = 0;
			knownRegions = (
				en,
				Base,
			);
			mainGroup = 4EF7255520BE5A0B00A88F99;
			productRefGroup = 4EF7255F20BE5A0B00A88F99 /* Products */;
			projectDirPath = "";
			projectRoot = "";
			targets = (
				4EF7255D20BE5A0B00A88F99 /* FoodFinder */,
				4EF7257420BE5A0B00A88F99 /* FoodFinderTests */,
				4EF7257F20BE5A0B00A88F99 /* FoodFinderUITests */,
			);
		};
/* End PBXProject section */

/* Begin PBXResourcesBuildPhase section */
		4EF7255C20BE5A0B00A88F99 /* Resources */ = {
			isa = PBXResourcesBuildPhase;
			buildActionMask = 2147483647;
			files = (
				4EF7256F20BE5A0B00A88F99 /* LaunchScreen.storyboard in Resources */,
				4EF7256C20BE5A0B00A88F99 /* Assets.xcassets in Resources */,
				4EF7256720BE5A0B00A88F99 /* Main.storyboard in Resources */,
			);
			runOnlyForDeploymentPostprocessing = 0;
		};
		4EF7257320BE5A0B00A88F99 /* Resources */ = {
			isa = PBXResourcesBuildPhase;
			buildActionMask = 2147483647;
			files = (
			);
			runOnlyForDeploymentPostprocessing = 0;
		};
		4EF7257E20BE5A0B00A88F99 /* Resources */ = {
			isa = PBXResourcesBuildPhase;
			buildActionMask = 2147483647;
			files = (
			);
			runOnlyForDeploymentPostprocessing = 0;
		};
/* End PBXResourcesBuildPhase section */

/* Begin PBXSourcesBuildPhase section */
		4EF7255A20BE5A0B00A88F99 /* Sources */ = {
			isa = PBXSourcesBuildPhase;
			buildActionMask = 2147483647;
			files = (
				4EF7256A20BE5A0B00A88F99 /* FoodFinder.xcdatamodeld in Sources */,
				4EF7256220BE5A0B00A88F99 /* AppDelegate.swift in Sources */,
				F557DAE320BF88B200B7E006 /* DetailViewController.swift in Sources */,
				F557DADF20BF841000B7E006 /* FoodFinderTableViewController.swift in Sources */,
				F557DAE120BF851800B7E006 /* FoodFinderTableViewCell.swift in Sources */,
			);
			runOnlyForDeploymentPostprocessing = 0;
		};
		4EF7257120BE5A0B00A88F99 /* Sources */ = {
			isa = PBXSourcesBuildPhase;
			buildActionMask = 2147483647;
			files = (
				4EF7257A20BE5A0B00A88F99 /* FoodFinderTests.swift in Sources */,
			);
			runOnlyForDeploymentPostprocessing = 0;
		};
		4EF7257C20BE5A0B00A88F99 /* Sources */ = {
			isa = PBXSourcesBuildPhase;
			buildActionMask = 2147483647;
			files = (
				4EF7258520BE5A0B00A88F99 /* FoodFinderUITests.swift in Sources */,
			);
			runOnlyForDeploymentPostprocessing = 0;
		};
/* End PBXSourcesBuildPhase section */

/* Begin PBXTargetDependency section */
		4EF7257720BE5A0B00A88F99 /* PBXTargetDependency */ = {
			isa = PBXTargetDependency;
			target = 4EF7255D20BE5A0B00A88F99 /* FoodFinder */;
			targetProxy = 4EF7257620BE5A0B00A88F99 /* PBXContainerItemProxy */;
		};
		4EF7258220BE5A0B00A88F99 /* PBXTargetDependency */ = {
			isa = PBXTargetDependency;
			target = 4EF7255D20BE5A0B00A88F99 /* FoodFinder */;
			targetProxy = 4EF7258120BE5A0B00A88F99 /* PBXContainerItemProxy */;
		};
/* End PBXTargetDependency section */

/* Begin PBXVariantGroup section */
		4EF7256520BE5A0B00A88F99 /* Main.storyboard */ = {
			isa = PBXVariantGroup;
			children = (
				4EF7256620BE5A0B00A88F99 /* Base */,
			);
			name = Main.storyboard;
			sourceTree = "<group>";
		};
		4EF7256D20BE5A0B00A88F99 /* LaunchScreen.storyboard */ = {
			isa = PBXVariantGroup;
			children = (
				4EF7256E20BE5A0B00A88F99 /* Base */,
			);
			name = LaunchScreen.storyboard;
			sourceTree = "<group>";
		};
/* End PBXVariantGroup section */

/* Begin XCBuildConfiguration section */
		4EF7258720BE5A0B00A88F99 /* Debug */ = {
			isa = XCBuildConfiguration;
			buildSettings = {
				ALWAYS_SEARCH_USER_PATHS = NO;
				CLANG_ANALYZER_NONNULL = YES;
				CLANG_ANALYZER_NUMBER_OBJECT_CONVERSION = YES_AGGRESSIVE;
				CLANG_CXX_LANGUAGE_STANDARD = "gnu++14";
				CLANG_CXX_LIBRARY = "libc++";
				CLANG_ENABLE_MODULES = YES;
				CLANG_ENABLE_OBJC_ARC = YES;
				CLANG_WARN_BLOCK_CAPTURE_AUTORELEASING = YES;
				CLANG_WARN_BOOL_CONVERSION = YES;
				CLANG_WARN_COMMA = YES;
				CLANG_WARN_CONSTANT_CONVERSION = YES;
				CLANG_WARN_DIRECT_OBJC_ISA_USAGE = YES_ERROR;
				CLANG_WARN_DOCUMENTATION_COMMENTS = YES;
				CLANG_WARN_EMPTY_BODY = YES;
				CLANG_WARN_ENUM_CONVERSION = YES;
				CLANG_WARN_INFINITE_RECURSION = YES;
				CLANG_WARN_INT_CONVERSION = YES;
				CLANG_WARN_NON_LITERAL_NULL_CONVERSION = YES;
				CLANG_WARN_OBJC_LITERAL_CONVERSION = YES;
				CLANG_WARN_OBJC_ROOT_CLASS = YES_ERROR;
				CLANG_WARN_RANGE_LOOP_ANALYSIS = YES;
				CLANG_WARN_STRICT_PROTOTYPES = YES;
				CLANG_WARN_SUSPICIOUS_MOVE = YES;
				CLANG_WARN_UNGUARDED_AVAILABILITY = YES_AGGRESSIVE;
				CLANG_WARN_UNREACHABLE_CODE = YES;
				CLANG_WARN__DUPLICATE_METHOD_MATCH = YES;
				CODE_SIGN_IDENTITY = "iPhone Developer";
				COPY_PHASE_STRIP = NO;
				DEBUG_INFORMATION_FORMAT = dwarf;
				ENABLE_STRICT_OBJC_MSGSEND = YES;
				ENABLE_TESTABILITY = YES;
				GCC_C_LANGUAGE_STANDARD = gnu11;
				GCC_DYNAMIC_NO_PIC = NO;
				GCC_NO_COMMON_BLOCKS = YES;
				GCC_OPTIMIZATION_LEVEL = 0;
				GCC_PREPROCESSOR_DEFINITIONS = (
					"DEBUG=1",
					"$(inherited)",
				);
				GCC_WARN_64_TO_32_BIT_CONVERSION = YES;
				GCC_WARN_ABOUT_RETURN_TYPE = YES_ERROR;
				GCC_WARN_UNDECLARED_SELECTOR = YES;
				GCC_WARN_UNINITIALIZED_AUTOS = YES_AGGRESSIVE;
				GCC_WARN_UNUSED_FUNCTION = YES;
				GCC_WARN_UNUSED_VARIABLE = YES;
				IPHONEOS_DEPLOYMENT_TARGET = 11.2;
				MTL_ENABLE_DEBUG_INFO = YES;
				ONLY_ACTIVE_ARCH = YES;
				SDKROOT = iphoneos;
				SWIFT_ACTIVE_COMPILATION_CONDITIONS = DEBUG;
				SWIFT_OPTIMIZATION_LEVEL = "-Onone";
			};
			name = Debug;
		};
		4EF7258820BE5A0B00A88F99 /* Release */ = {
			isa = XCBuildConfiguration;
			buildSettings = {
				ALWAYS_SEARCH_USER_PATHS = NO;
				CLANG_ANALYZER_NONNULL = YES;
				CLANG_ANALYZER_NUMBER_OBJECT_CONVERSION = YES_AGGRESSIVE;
				CLANG_CXX_LANGUAGE_STANDARD = "gnu++14";
				CLANG_CXX_LIBRARY = "libc++";
				CLANG_ENABLE_MODULES = YES;
				CLANG_ENABLE_OBJC_ARC = YES;
				CLANG_WARN_BLOCK_CAPTURE_AUTORELEASING = YES;
				CLANG_WARN_BOOL_CONVERSION = YES;
				CLANG_WARN_COMMA = YES;
				CLANG_WARN_CONSTANT_CONVERSION = YES;
				CLANG_WARN_DIRECT_OBJC_ISA_USAGE = YES_ERROR;
				CLANG_WARN_DOCUMENTATION_COMMENTS = YES;
				CLANG_WARN_EMPTY_BODY = YES;
				CLANG_WARN_ENUM_CONVERSION = YES;
				CLANG_WARN_INFINITE_RECURSION = YES;
				CLANG_WARN_INT_CONVERSION = YES;
				CLANG_WARN_NON_LITERAL_NULL_CONVERSION = YES;
				CLANG_WARN_OBJC_LITERAL_CONVERSION = YES;
				CLANG_WARN_OBJC_ROOT_CLASS = YES_ERROR;
				CLANG_WARN_RANGE_LOOP_ANALYSIS = YES;
				CLANG_WARN_STRICT_PROTOTYPES = YES;
				CLANG_WARN_SUSPICIOUS_MOVE = YES;
				CLANG_WARN_UNGUARDED_AVAILABILITY = YES_AGGRESSIVE;
				CLANG_WARN_UNREACHABLE_CODE = YES;
				CLANG_WARN__DUPLICATE_METHOD_MATCH = YES;
				CODE_SIGN_IDENTITY = "iPhone Developer";
				COPY_PHASE_STRIP = NO;
				DEBUG_INFORMATION_FORMAT = "dwarf-with-dsym";
				ENABLE_NS_ASSERTIONS = NO;
				ENABLE_STRICT_OBJC_MSGSEND = YES;
				GCC_C_LANGUAGE_STANDARD = gnu11;
				GCC_NO_COMMON_BLOCKS = YES;
				GCC_WARN_64_TO_32_BIT_CONVERSION = YES;
				GCC_WARN_ABOUT_RETURN_TYPE = YES_ERROR;
				GCC_WARN_UNDECLARED_SELECTOR = YES;
				GCC_WARN_UNINITIALIZED_AUTOS = YES_AGGRESSIVE;
				GCC_WARN_UNUSED_FUNCTION = YES;
				GCC_WARN_UNUSED_VARIABLE = YES;
				IPHONEOS_DEPLOYMENT_TARGET = 11.2;
				MTL_ENABLE_DEBUG_INFO = NO;
				SDKROOT = iphoneos;
				SWIFT_OPTIMIZATION_LEVEL = "-Owholemodule";
				VALIDATE_PRODUCT = YES;
			};
			name = Release;
		};
		4EF7258A20BE5A0B00A88F99 /* Debug */ = {
			isa = XCBuildConfiguration;
			buildSettings = {
				ASSETCATALOG_COMPILER_APPICON_NAME = AppIcon;
				CODE_SIGN_STYLE = Automatic;
				INFOPLIST_FILE = FoodFinder/Info.plist;
				LD_RUNPATH_SEARCH_PATHS = "$(inherited) @executable_path/Frameworks";
				PRODUCT_BUNDLE_IDENTIFIER = dit.FoodFinder;
				PRODUCT_NAME = "$(TARGET_NAME)";
				SWIFT_VERSION = 4.0;
				TARGETED_DEVICE_FAMILY = "1,2";
			};
			name = Debug;
		};
		4EF7258B20BE5A0B00A88F99 /* Release */ = {
			isa = XCBuildConfiguration;
			buildSettings = {
				ASSETCATALOG_COMPILER_APPICON_NAME = AppIcon;
				CODE_SIGN_STYLE = Automatic;
				INFOPLIST_FILE = FoodFinder/Info.plist;
				LD_RUNPATH_SEARCH_PATHS = "$(inherited) @executable_path/Frameworks";
				PRODUCT_BUNDLE_IDENTIFIER = dit.FoodFinder;
				PRODUCT_NAME = "$(TARGET_NAME)";
				SWIFT_VERSION = 4.0;
				TARGETED_DEVICE_FAMILY = "1,2";
			};
			name = Release;
		};
		4EF7258D20BE5A0B00A88F99 /* Debug */ = {
			isa = XCBuildConfiguration;
			buildSettings = {
				ALWAYS_EMBED_SWIFT_STANDARD_LIBRARIES = YES;
				BUNDLE_LOADER = "$(TEST_HOST)";
				CODE_SIGN_STYLE = Automatic;
				INFOPLIST_FILE = FoodFinderTests/Info.plist;
				LD_RUNPATH_SEARCH_PATHS = "$(inherited) @executable_path/Frameworks @loader_path/Frameworks";
				PRODUCT_BUNDLE_IDENTIFIER = dit.FoodFinderTests;
				PRODUCT_NAME = "$(TARGET_NAME)";
				SWIFT_VERSION = 4.0;
				TARGETED_DEVICE_FAMILY = "1,2";
				TEST_HOST = "$(BUILT_PRODUCTS_DIR)/FoodFinder.app/FoodFinder";
			};
			name = Debug;
		};
		4EF7258E20BE5A0B00A88F99 /* Release */ = {
			isa = XCBuildConfiguration;
			buildSettings = {
				ALWAYS_EMBED_SWIFT_STANDARD_LIBRARIES = YES;
				BUNDLE_LOADER = "$(TEST_HOST)";
				CODE_SIGN_STYLE = Automatic;
				INFOPLIST_FILE = FoodFinderTests/Info.plist;
				LD_RUNPATH_SEARCH_PATHS = "$(inherited) @executable_path/Frameworks @loader_path/Frameworks";
				PRODUCT_BUNDLE_IDENTIFIER = dit.FoodFinderTests;
				PRODUCT_NAME = "$(TARGET_NAME)";
				SWIFT_VERSION = 4.0;
				TARGETED_DEVICE_FAMILY = "1,2";
				TEST_HOST = "$(BUILT_PRODUCTS_DIR)/FoodFinder.app/FoodFinder";
			};
			name = Release;
		};
		4EF7259020BE5A0B00A88F99 /* Debug */ = {
			isa = XCBuildConfiguration;
			buildSettings = {
				ALWAYS_EMBED_SWIFT_STANDARD_LIBRARIES = YES;
				CODE_SIGN_STYLE = Automatic;
				INFOPLIST_FILE = FoodFinderUITests/Info.plist;
				LD_RUNPATH_SEARCH_PATHS = "$(inherited) @executable_path/Frameworks @loader_path/Frameworks";
				PRODUCT_BUNDLE_IDENTIFIER = dit.FoodFinderUITests;
				PRODUCT_NAME = "$(TARGET_NAME)";
				SWIFT_VERSION = 4.0;
				TARGETED_DEVICE_FAMILY = "1,2";
				TEST_TARGET_NAME = FoodFinder;
			};
			name = Debug;
		};
		4EF7259120BE5A0B00A88F99 /* Release */ = {
			isa = XCBuildConfiguration;
			buildSettings = {
				ALWAYS_EMBED_SWIFT_STANDARD_LIBRARIES = YES;
				CODE_SIGN_STYLE = Automatic;
				INFOPLIST_FILE = FoodFinderUITests/Info.plist;
				LD_RUNPATH_SEARCH_PATHS = "$(inherited) @executable_path/Frameworks @loader_path/Frameworks";
				PRODUCT_BUNDLE_IDENTIFIER = dit.FoodFinderUITests;
				PRODUCT_NAME = "$(TARGET_NAME)";
				SWIFT_VERSION = 4.0;
				TARGETED_DEVICE_FAMILY = "1,2";
				TEST_TARGET_NAME = FoodFinder;
			};
			name = Release;
		};
/* End XCBuildConfiguration section */

/* Begin XCConfigurationList section */
		4EF7255920BE5A0B00A88F99 /* Build configuration list for PBXProject "FoodFinder" */ = {
			isa = XCConfigurationList;
			buildConfigurations = (
				4EF7258720BE5A0B00A88F99 /* Debug */,
				4EF7258820BE5A0B00A88F99 /* Release */,
			);
			defaultConfigurationIsVisible = 0;
			defaultConfigurationName = Release;
		};
		4EF7258920BE5A0B00A88F99 /* Build configuration list for PBXNativeTarget "FoodFinder" */ = {
			isa = XCConfigurationList;
			buildConfigurations = (
				4EF7258A20BE5A0B00A88F99 /* Debug */,
				4EF7258B20BE5A0B00A88F99 /* Release */,
			);
			defaultConfigurationIsVisible = 0;
			defaultConfigurationName = Release;
		};
		4EF7258C20BE5A0B00A88F99 /* Build configuration list for PBXNativeTarget "FoodFinderTests" */ = {
			isa = XCConfigurationList;
			buildConfigurations = (
				4EF7258D20BE5A0B00A88F99 /* Debug */,
				4EF7258E20BE5A0B00A88F99 /* Release */,
			);
			defaultConfigurationIsVisible = 0;
			defaultConfigurationName = Release;
		};
		4EF7258F20BE5A0B00A88F99 /* Build configuration list for PBXNativeTarget "FoodFinderUITests" */ = {
			isa = XCConfigurationList;
			buildConfigurations = (
				4EF7259020BE5A0B00A88F99 /* Debug */,
				4EF7259120BE5A0B00A88F99 /* Release */,
			);
			defaultConfigurationIsVisible = 0;
			defaultConfigurationName = Release;
		};
/* End XCConfigurationList section */

/* Begin XCVersionGroup section */
		4EF7256820BE5A0B00A88F99 /* FoodFinder.xcdatamodeld */ = {
			isa = XCVersionGroup;
			children = (
				4EF7256920BE5A0B00A88F99 /* FoodFinder.xcdatamodel */,
			);
			currentVersion = 4EF7256920BE5A0B00A88F99 /* FoodFinder.xcdatamodel */;
			path = FoodFinder.xcdatamodeld;
			sourceTree = "<group>";
			versionGroupType = wrapper.xcdatamodel;
		};
/* End XCVersionGroup section */
	};
	rootObject = 4EF7255620BE5A0B00A88F99 /* Project object */;
}
